
Microsoft Visual Studio Solution File, Format Version 12.00
# Visual Studio 15
VisualStudioVersion = 15.0.27004.2008
MinimumVisualStudioVersion = 10.0.40219.1
Project("{8BC9CEB8-8B4A-11D0-8D11-00A0C91BC942}") = "EasyCrossPlatform", "EasyCrossPlatform\EasyCrossPlatform.vcxproj", "{B4196490-6475-49A3-BCF8-0CF6D3FF56F8}"
EndProject
Global
	GlobalSection(SolutionConfigurationPlatforms) = preSolution
		Debug|ARM = Debug|ARM
		Debug|x64 = Debug|x64
		Debug|x86 = Debug|x86
		Release|ARM = Release|ARM
		Release|x64 = Release|x64
		Release|x86 = Release|x86
	EndGlobalSection
	GlobalSection(ProjectConfigurationPlatforms) = postSolution
		{B4196490-6475-49A3-BCF8-0CF6D3FF56F8}.Debug|ARM.ActiveCfg = Debug|Win32
		{B4196490-6475-49A3-BCF8-0CF6D3FF56F8}.Debug|x64.ActiveCfg = Debug|x64
		{B4196490-6475-49A3-BCF8-0CF6D3FF56F8}.Debug|x64.Build.0 = Debug|x64
		{B4196490-6475-49A3-BCF8-0CF6D3FF56F8}.Debug|x86.ActiveCfg = Debug|Win32
		{B4196490-6475-49A3-BCF8-0CF6D3FF56F8}.Debug|x86.Build.0 = Debug|Win32
		{B4196490-6475-49A3-BCF8-0CF6D3FF56F8}.Release|ARM.ActiveCfg = Release|Win32
		{B4196490-6475-49A3-BCF8-0CF6D3FF56F8}.Release|x64.ActiveCfg = Release|x64
		{B4196490-6475-49A3-BCF8-0CF6D3FF56F8}.Release|x64.Build.0 = Release|x64
		{B4196490-6475-49A3-BCF8-0CF6D3FF56F8}.Release|x86.ActiveCfg = Release|Win32
		{B4196490-6475-49A3-BCF8-0CF6D3FF56F8}.Release|x86.Build.0 = Release|Win32
	EndGlobalSection
	GlobalSection(SolutionProperties) = preSolution
		HideSolutionNode = FALSE
	EndGlobalSection
	GlobalSection(ExtensibilityGlobals) = postSolution
		SolutionGuid = {20E181B7-D690-4065-BF69-247E7FF0BD77}
	EndGlobalSection
EndGlobal
